
Microsoft Visual Studio Solution File, Format Version 12.00
# Visual Studio Express 2012 for Windows Desktop
Project("{FAE04EC0-301F-11D3-BF4B-00C04F79EFBC}") = "3DS-IDE", "3DS-IDE\3DS-IDE.csproj", "{E0AA6AFF-8FDE-4D63-81C3-196D9A19BACB}"
EndProject
Global
	GlobalSection(SolutionConfigurationPlatforms) = preSolution
		Debug|Any CPU = Debug|Any CPU
		Release|Any CPU = Release|Any CPU
	EndGlobalSection
	GlobalSection(ProjectConfigurationPlatforms) = postSolution
		{E0AA6AFF-8FDE-4D63-81C3-196D9A19BACB}.Debug|Any CPU.ActiveCfg = Debug|Any CPU
		{E0AA6AFF-8FDE-4D63-81C3-196D9A19BACB}.Debug|Any CPU.Build.0 = Debug|Any CPU
		{E0AA6AFF-8FDE-4D63-81C3-196D9A19BACB}.Release|Any CPU.ActiveCfg = Release|Any CPU
		{E0AA6AFF-8FDE-4D63-81C3-196D9A19BACB}.Release|Any CPU.Build.0 = Release|Any CPU
	EndGlobalSection
	GlobalSection(SolutionProperties) = preSolution
		HideSolutionNode = FALSE
	EndGlobalSection
EndGlobal
